{
  "name": "server",
  "version": "1.0.0",
  "lockfileVersion": 3,
  "requires": true,
  "packages": {
    "": {
      "name": "server",
      "version": "1.0.0",
      "license": "ISC",
      "dependencies": {
        "shared": "file:../shared"
      }
    },
    "../shared": {
      "version": "1.0.0",
      "license": "ISC",
      "dependencies": {
        "@types/sqlite3": "^3.1.9",
        "sqlite3": "^5.1.6"
      },
      "devDependencies": {
        "typescript": "^5.2.2"
      }
    },
    "node_modules/shared": {
      "resolved": "../shared",
      "link": true
    }
  }
}
